// !$*UTF8*$!
{
	archiveVersion = 1;
	classes = {
	};
	objectVersion = 50;
	objects = {

/* Begin PBXBuildFile section */
		44003E1E2280939300B355A1 /* NewTransactionController.swift in Sources */ = {isa = PBXBuildFile; fileRef = 44003E1D2280939300B355A1 /* NewTransactionController.swift */; };
		44003E22228093F400B355A1 /* CategoriesController.swift in Sources */ = {isa = PBXBuildFile; fileRef = 44003E21228093F400B355A1 /* CategoriesController.swift */; };
		44003E242280972E00B355A1 /* CategoryCell.swift in Sources */ = {isa = PBXBuildFile; fileRef = 44003E232280972E00B355A1 /* CategoryCell.swift */; };
		44003E262280976200B355A1 /* TextFieldVIew.swift in Sources */ = {isa = PBXBuildFile; fileRef = 44003E252280976200B355A1 /* TextFieldVIew.swift */; };
		445FCA1E227DAD1800FB24A5 /* AppDelegate.swift in Sources */ = {isa = PBXBuildFile; fileRef = 445FCA1D227DAD1800FB24A5 /* AppDelegate.swift */; };
		445FCA20227DAD1800FB24A5 /* ViewController.swift in Sources */ = {isa = PBXBuildFile; fileRef = 445FCA1F227DAD1800FB24A5 /* ViewController.swift */; };
		445FCA23227DAD1800FB24A5 /* Main.storyboard in Resources */ = {isa = PBXBuildFile; fileRef = 445FCA21227DAD1800FB24A5 /* Main.storyboard */; };
		445FCA26227DAD1800FB24A5 /* MoneySaver.xcdatamodeld in Sources */ = {isa = PBXBuildFile; fileRef = 445FCA24227DAD1800FB24A5 /* MoneySaver.xcdatamodeld */; };
		445FCA28227DAD1A00FB24A5 /* Assets.xcassets in Resources */ = {isa = PBXBuildFile; fileRef = 445FCA27227DAD1A00FB24A5 /* Assets.xcassets */; };
		445FCA2B227DAD1A00FB24A5 /* LaunchScreen.storyboard in Resources */ = {isa = PBXBuildFile; fileRef = 445FCA29227DAD1A00FB24A5 /* LaunchScreen.storyboard */; };
		445FCA33227F0A7000FB24A5 /* Cell.swift in Sources */ = {isa = PBXBuildFile; fileRef = 445FCA32227F0A7000FB24A5 /* Cell.swift */; };
/* End PBXBuildFile section */

/* Begin PBXFileReference section */
		44003E1D2280939300B355A1 /* NewTransactionController.swift */ = {isa = PBXFileReference; lastKnownFileType = sourcecode.swift; path = NewTransactionController.swift; sourceTree = "<group>"; };
		44003E21228093F400B355A1 /* CategoriesController.swift */ = {isa = PBXFileReference; lastKnownFileType = sourcecode.swift; path = CategoriesController.swift; sourceTree = "<group>"; };
		44003E232280972E00B355A1 /* CategoryCell.swift */ = {isa = PBXFileReference; lastKnownFileType = sourcecode.swift; path = CategoryCell.swift; sourceTree = "<group>"; };
		44003E252280976200B355A1 /* TextFieldVIew.swift */ = {isa = PBXFileReference; lastKnownFileType = sourcecode.swift; path = TextFieldVIew.swift; sourceTree = "<group>"; };
		445FCA1A227DAD1800FB24A5 /* MoneySaver.app */ = {isa = PBXFileReference; explicitFileType = wrapper.application; includeInIndex = 0; path = MoneySaver.app; sourceTree = BUILT_PRODUCTS_DIR; };
		445FCA1D227DAD1800FB24A5 /* AppDelegate.swift */ = {isa = PBXFileReference; lastKnownFileType = sourcecode.swift; path = AppDelegate.swift; sourceTree = "<group>"; };
		445FCA1F227DAD1800FB24A5 /* ViewController.swift */ = {isa = PBXFileReference; lastKnownFileType = sourcecode.swift; path = ViewController.swift; sourceTree = "<group>"; };
		445FCA22227DAD1800FB24A5 /* Base */ = {isa = PBXFileReference; lastKnownFileType = file.storyboard; name = Base; path = Base.lproj/Main.storyboard; sourceTree = "<group>"; };
		445FCA25227DAD1800FB24A5 /* MoneySaver.xcdatamodel */ = {isa = PBXFileReference; lastKnownFileType = wrapper.xcdatamodel; path = MoneySaver.xcdatamodel; sourceTree = "<group>"; };
		445FCA27227DAD1A00FB24A5 /* Assets.xcassets */ = {isa = PBXFileReference; lastKnownFileType = folder.assetcatalog; path = Assets.xcassets; sourceTree = "<group>"; };
		445FCA2A227DAD1A00FB24A5 /* Base */ = {isa = PBXFileReference; lastKnownFileType = file.storyboard; name = Base; path = Base.lproj/LaunchScreen.storyboard; sourceTree = "<group>"; };
		445FCA2C227DAD1A00FB24A5 /* Info.plist */ = {isa = PBXFileReference; lastKnownFileType = text.plist.xml; path = Info.plist; sourceTree = "<group>"; };
		445FCA32227F0A7000FB24A5 /* Cell.swift */ = {isa = PBXFileReference; lastKnownFileType = sourcecode.swift; path = Cell.swift; sourceTree = "<group>"; };
/* End PBXFileReference section */

/* Begin PBXFrameworksBuildPhase section */
		445FCA17227DAD1800FB24A5 /* Frameworks */ = {
			isa = PBXFrameworksBuildPhase;
			buildActionMask = 2147483647;
			files = (
			);
			runOnlyForDeploymentPostprocessing = 0;
		};
/* End PBXFrameworksBuildPhase section */

/* Begin PBXGroup section */
		44003E1F2280939D00B355A1 /* Controllers */ = {
			isa = PBXGroup;
			children = (
				445FCA1F227DAD1800FB24A5 /* ViewController.swift */,
				44003E1D2280939300B355A1 /* NewTransactionController.swift */,
				44003E21228093F400B355A1 /* CategoriesController.swift */,
			);
			path = Controllers;
			sourceTree = "<group>";
		};
		44003E20228093B600B355A1 /* View */ = {
			isa = PBXGroup;
			children = (
				445FCA32227F0A7000FB24A5 /* Cell.swift */,
				44003E232280972E00B355A1 /* CategoryCell.swift */,
				44003E252280976200B355A1 /* TextFieldVIew.swift */,
			);
			path = View;
			sourceTree = "<group>";
		};
		445FCA11227DAD1800FB24A5 = {
			isa = PBXGroup;
			children = (
				445FCA1C227DAD1800FB24A5 /* MoneySaver */,
				445FCA1B227DAD1800FB24A5 /* Products */,
			);
			sourceTree = "<group>";
		};
		445FCA1B227DAD1800FB24A5 /* Products */ = {
			isa = PBXGroup;
			children = (
				445FCA1A227DAD1800FB24A5 /* MoneySaver.app */,
			);
			name = Products;
			sourceTree = "<group>";
		};
		445FCA1C227DAD1800FB24A5 /* MoneySaver */ = {
			isa = PBXGroup;
			children = (
				445FCA1D227DAD1800FB24A5 /* AppDelegate.swift */,
				44003E1F2280939D00B355A1 /* Controllers */,
				44003E20228093B600B355A1 /* View */,
				445FCA21227DAD1800FB24A5 /* Main.storyboard */,
				445FCA29227DAD1A00FB24A5 /* LaunchScreen.storyboard */,
				445FCA24227DAD1800FB24A5 /* MoneySaver.xcdatamodeld */,
				445FCA2C227DAD1A00FB24A5 /* Info.plist */,
				445FCA27227DAD1A00FB24A5 /* Assets.xcassets */,
			);
			path = MoneySaver;
			sourceTree = "<group>";
		};
/* End PBXGroup section */

/* Begin PBXNativeTarget section */
		445FCA19227DAD1800FB24A5 /* MoneySaver */ = {
			isa = PBXNativeTarget;
			buildConfigurationList = 445FCA2F227DAD1A00FB24A5 /* Build configuration list for PBXNativeTarget "MoneySaver" */;
			buildPhases = (
				445FCA16227DAD1800FB24A5 /* Sources */,
				445FCA17227DAD1800FB24A5 /* Frameworks */,
				445FCA18227DAD1800FB24A5 /* Resources */,
			);
			buildRules = (
			);
			dependencies = (
			);
			name = MoneySaver;
			productName = MoneySaver;
			productReference = 445FCA1A227DAD1800FB24A5 /* MoneySaver.app */;
			productType = "com.apple.product-type.application";
		};
/* End PBXNativeTarget section */

/* Begin PBXProject section */
		445FCA12227DAD1800FB24A5 /* Project object */ = {
			isa = PBXProject;
			attributes = {
				LastSwiftUpdateCheck = 1020;
				LastUpgradeCheck = 1020;
				ORGANIZATIONNAME = "Ruslan Kuksa";
				TargetAttributes = {
					445FCA19227DAD1800FB24A5 = {
						CreatedOnToolsVersion = 10.2.1;
					};
				};
			};
			buildConfigurationList = 445FCA15227DAD1800FB24A5 /* Build configuration list for PBXProject "MoneySaver" */;
			compatibilityVersion = "Xcode 9.3";
			developmentRegion = en;
			hasScannedForEncodings = 0;
			knownRegions = (
				en,
				Base,
			);
			mainGroup = 445FCA11227DAD1800FB24A5;
			productRefGroup = 445FCA1B227DAD1800FB24A5 /* Products */;
			projectDirPath = "";
			projectRoot = "";
			targets = (
				445FCA19227DAD1800FB24A5 /* MoneySaver */,
			);
		};
/* End PBXProject section */

/* Begin PBXResourcesBuildPhase section */
		445FCA18227DAD1800FB24A5 /* Resources */ = {
			isa = PBXResourcesBuildPhase;
			buildActionMask = 2147483647;
			files = (
				445FCA2B227DAD1A00FB24A5 /* LaunchScreen.storyboard in Resources */,
				445FCA28227DAD1A00FB24A5 /* Assets.xcassets in Resources */,
				445FCA23227DAD1800FB24A5 /* Main.storyboard in Resources */,
			);
			runOnlyForDeploymentPostprocessing = 0;
		};
/* End PBXResourcesBuildPhase section */

/* Begin PBXSourcesBuildPhase section */
		445FCA16227DAD1800FB24A5 /* Sources */ = {
			isa = PBXSourcesBuildPhase;
			buildActionMask = 2147483647;
			files = (
				445FCA20227DAD1800FB24A5 /* ViewController.swift in Sources */,
				44003E1E2280939300B355A1 /* NewTransactionController.swift in Sources */,
				44003E262280976200B355A1 /* TextFieldVIew.swift in Sources */,
				445FCA33227F0A7000FB24A5 /* Cell.swift in Sources */,
				44003E242280972E00B355A1 /* CategoryCell.swift in Sources */,
				44003E22228093F400B355A1 /* CategoriesController.swift in Sources */,
				445FCA26227DAD1800FB24A5 /* MoneySaver.xcdatamodeld in Sources */,
				445FCA1E227DAD1800FB24A5 /* AppDelegate.swift in Sources */,
			);
			runOnlyForDeploymentPostprocessing = 0;
		};
/* End PBXSourcesBuildPhase section */

/* Begin PBXVariantGroup section */
		445FCA21227DAD1800FB24A5 /* Main.storyboard */ = {
			isa = PBXVariantGroup;
			children = (
				445FCA22227DAD1800FB24A5 /* Base */,
			);
			name = Main.storyboard;
			sourceTree = "<group>";
		};
		445FCA29227DAD1A00FB24A5 /* LaunchScreen.storyboard */ = {
			isa = PBXVariantGroup;
			children = (
				445FCA2A227DAD1A00FB24A5 /* Base */,
			);
			name = LaunchScreen.storyboard;
			sourceTree = "<group>";
		};
/* End PBXVariantGroup section */

/* Begin XCBuildConfiguration section */
		445FCA2D227DAD1A00FB24A5 /* Debug */ = {
			isa = XCBuildConfiguration;
			buildSettings = {
				ALWAYS_SEARCH_USER_PATHS = NO;
				CLANG_ANALYZER_NONNULL = YES;
				CLANG_ANALYZER_NUMBER_OBJECT_CONVERSION = YES_AGGRESSIVE;
				CLANG_CXX_LANGUAGE_STANDARD = "gnu++14";
				CLANG_CXX_LIBRARY = "libc++";
				CLANG_ENABLE_MODULES = YES;
				CLANG_ENABLE_OBJC_ARC = YES;
				CLANG_ENABLE_OBJC_WEAK = YES;
				CLANG_WARN_BLOCK_CAPTURE_AUTORELEASING = YES;
				CLANG_WARN_BOOL_CONVERSION = YES;
				CLANG_WARN_COMMA = YES;
				CLANG_WARN_CONSTANT_CONVERSION = YES;
				CLANG_WARN_DEPRECATED_OBJC_IMPLEMENTATIONS = YES;
				CLANG_WARN_DIRECT_OBJC_ISA_USAGE = YES_ERROR;
				CLANG_WARN_DOCUMENTATION_COMMENTS = YES;
				CLANG_WARN_EMPTY_BODY = YES;
				CLANG_WARN_ENUM_CONVERSION = YES;
				CLANG_WARN_INFINITE_RECURSION = YES;
				CLANG_WARN_INT_CONVERSION = YES;
				CLANG_WARN_NON_LITERAL_NULL_CONVERSION = YES;
				CLANG_WARN_OBJC_IMPLICIT_RETAIN_SELF = YES;
				CLANG_WARN_OBJC_LITERAL_CONVERSION = YES;
				CLANG_WARN_OBJC_ROOT_CLASS = YES_ERROR;
				CLANG_WARN_RANGE_LOOP_ANALYSIS = YES;
				CLANG_WARN_STRICT_PROTOTYPES = YES;
				CLANG_WARN_SUSPICIOUS_MOVE = YES;
				CLANG_WARN_UNGUARDED_AVAILABILITY = YES_AGGRESSIVE;
				CLANG_WARN_UNREACHABLE_CODE = YES;
				CLANG_WARN__DUPLICATE_METHOD_MATCH = YES;
				CODE_SIGN_IDENTITY = "iPhone Developer";
				COPY_PHASE_STRIP = NO;
				DEBUG_INFORMATION_FORMAT = dwarf;
				ENABLE_STRICT_OBJC_MSGSEND = YES;
				ENABLE_TESTABILITY = YES;
				GCC_C_LANGUAGE_STANDARD = gnu11;
				GCC_DYNAMIC_NO_PIC = NO;
				GCC_NO_COMMON_BLOCKS = YES;
				GCC_OPTIMIZATION_LEVEL = 0;
				GCC_PREPROCESSOR_DEFINITIONS = (
					"DEBUG=1",
					"$(inherited)",
				);
				GCC_WARN_64_TO_32_BIT_CONVERSION = YES;
				GCC_WARN_ABOUT_RETURN_TYPE = YES_ERROR;
				GCC_WARN_UNDECLARED_SELECTOR = YES;
				GCC_WARN_UNINITIALIZED_AUTOS = YES_AGGRESSIVE;
				GCC_WARN_UNUSED_FUNCTION = YES;
				GCC_WARN_UNUSED_VARIABLE = YES;
				IPHONEOS_DEPLOYMENT_TARGET = 12.2;
				MTL_ENABLE_DEBUG_INFO = INCLUDE_SOURCE;
				MTL_FAST_MATH = YES;
				ONLY_ACTIVE_ARCH = YES;
				SDKROOT = iphoneos;
				SWIFT_ACTIVE_COMPILATION_CONDITIONS = DEBUG;
				SWIFT_OPTIMIZATION_LEVEL = "-Onone";
			};
			name = Debug;
		};
		445FCA2E227DAD1A00FB24A5 /* Release */ = {
			isa = XCBuildConfiguration;
			buildSettings = {
				ALWAYS_SEARCH_USER_PATHS = NO;
				CLANG_ANALYZER_NONNULL = YES;
				CLANG_ANALYZER_NUMBER_OBJECT_CONVERSION = YES_AGGRESSIVE;
				CLANG_CXX_LANGUAGE_STANDARD = "gnu++14";
				CLANG_CXX_LIBRARY = "libc++";
				CLANG_ENABLE_MODULES = YES;
				CLANG_ENABLE_OBJC_ARC = YES;
				CLANG_ENABLE_OBJC_WEAK = YES;
				CLANG_WARN_BLOCK_CAPTURE_AUTORELEASING = YES;
				CLANG_WARN_BOOL_CONVERSION = YES;
				CLANG_WARN_COMMA = YES;
				CLANG_WARN_CONSTANT_CONVERSION = YES;
				CLANG_WARN_DEPRECATED_OBJC_IMPLEMENTATIONS = YES;
				CLANG_WARN_DIRECT_OBJC_ISA_USAGE = YES_ERROR;
				CLANG_WARN_DOCUMENTATION_COMMENTS = YES;
				CLANG_WARN_EMPTY_BODY = YES;
				CLANG_WARN_ENUM_CONVERSION = YES;
				CLANG_WARN_INFINITE_RECURSION = YES;
				CLANG_WARN_INT_CONVERSION = YES;
				CLANG_WARN_NON_LITERAL_NULL_CONVERSION = YES;
				CLANG_WARN_OBJC_IMPLICIT_RETAIN_SELF = YES;
				CLANG_WARN_OBJC_LITERAL_CONVERSION = YES;
				CLANG_WARN_OBJC_ROOT_CLASS = YES_ERROR;
				CLANG_WARN_RANGE_LOOP_ANALYSIS = YES;
				CLANG_WARN_STRICT_PROTOTYPES = YES;
				CLANG_WARN_SUSPICIOUS_MOVE = YES;
				CLANG_WARN_UNGUARDED_AVAILABILITY = YES_AGGRESSIVE;
				CLANG_WARN_UNREACHABLE_CODE = YES;
				CLANG_WARN__DUPLICATE_METHOD_MATCH = YES;
				CODE_SIGN_IDENTITY = "iPhone Developer";
				COPY_PHASE_STRIP = NO;
				DEBUG_INFORMATION_FORMAT = "dwarf-with-dsym";
				ENABLE_NS_ASSERTIONS = NO;
				ENABLE_STRICT_OBJC_MSGSEND = YES;
				GCC_C_LANGUAGE_STANDARD = gnu11;
				GCC_NO_COMMON_BLOCKS = YES;
				GCC_WARN_64_TO_32_BIT_CONVERSION = YES;
				GCC_WARN_ABOUT_RETURN_TYPE = YES_ERROR;
				GCC_WARN_UNDECLARED_SELECTOR = YES;
				GCC_WARN_UNINITIALIZED_AUTOS = YES_AGGRESSIVE;
				GCC_WARN_UNUSED_FUNCTION = YES;
				GCC_WARN_UNUSED_VARIABLE = YES;
				IPHONEOS_DEPLOYMENT_TARGET = 12.2;
				MTL_ENABLE_DEBUG_INFO = NO;
				MTL_FAST_MATH = YES;
				SDKROOT = iphoneos;
				SWIFT_COMPILATION_MODE = wholemodule;
				SWIFT_OPTIMIZATION_LEVEL = "-O";
				VALIDATE_PRODUCT = YES;
			};
			name = Release;
		};
		445FCA30227DAD1A00FB24A5 /* Debug */ = {
			isa = XCBuildConfiguration;
			buildSettings = {
				ASSETCATALOG_COMPILER_APPICON_NAME = AppIcon;
				CODE_SIGN_STYLE = Automatic;
				DEVELOPMENT_TEAM = Q8896Y6GNQ;
				INFOPLIST_FILE = MoneySaver/Info.plist;
				LD_RUNPATH_SEARCH_PATHS = (
					"$(inherited)",
					"@executable_path/Frameworks",
				);
				PRODUCT_BUNDLE_IDENTIFIER = com.ruslan.MoneySaver;
				PRODUCT_NAME = "$(TARGET_NAME)";
				SWIFT_VERSION = 5.0;
				TARGETED_DEVICE_FAMILY = "1,2";
			};
			name = Debug;
		};
		445FCA31227DAD1A00FB24A5 /* Release */ = {
			isa = XCBuildConfiguration;
			buildSettings = {
				ASSETCATALOG_COMPILER_APPICON_NAME = AppIcon;
				CODE_SIGN_STYLE = Automatic;
				DEVELOPMENT_TEAM = Q8896Y6GNQ;
				INFOPLIST_FILE = MoneySaver/Info.plist;
				LD_RUNPATH_SEARCH_PATHS = (
					"$(inherited)",
					"@executable_path/Frameworks",
				);
				PRODUCT_BUNDLE_IDENTIFIER = com.ruslan.MoneySaver;
				PRODUCT_NAME = "$(TARGET_NAME)";
				SWIFT_VERSION = 5.0;
				TARGETED_DEVICE_FAMILY = "1,2";
			};
			name = Release;
		};
/* End XCBuildConfiguration section */

/* Begin XCConfigurationList section */
		445FCA15227DAD1800FB24A5 /* Build configuration list for PBXProject "MoneySaver" */ = {
			isa = XCConfigurationList;
			buildConfigurations = (
				445FCA2D227DAD1A00FB24A5 /* Debug */,
				445FCA2E227DAD1A00FB24A5 /* Release */,
			);
			defaultConfigurationIsVisible = 0;
			defaultConfigurationName = Release;
		};
		445FCA2F227DAD1A00FB24A5 /* Build configuration list for PBXNativeTarget "MoneySaver" */ = {
			isa = XCConfigurationList;
			buildConfigurations = (
				445FCA30227DAD1A00FB24A5 /* Debug */,
				445FCA31227DAD1A00FB24A5 /* Release */,
			);
			defaultConfigurationIsVisible = 0;
			defaultConfigurationName = Release;
		};
/* End XCConfigurationList section */

/* Begin XCVersionGroup section */
		445FCA24227DAD1800FB24A5 /* MoneySaver.xcdatamodeld */ = {
			isa = XCVersionGroup;
			children = (
				445FCA25227DAD1800FB24A5 /* MoneySaver.xcdatamodel */,
			);
			currentVersion = 445FCA25227DAD1800FB24A5 /* MoneySaver.xcdatamodel */;
			path = MoneySaver.xcdatamodeld;
			sourceTree = "<group>";
			versionGroupType = wrapper.xcdatamodel;
		};
/* End XCVersionGroup section */
	};
	rootObject = 445FCA12227DAD1800FB24A5 /* Project object */;
}
